
Microsoft Visual Studio Solution File, Format Version 12.00
# Visual Studio 14
VisualStudioVersion = 14.0.24720.0
MinimumVisualStudioVersion = 10.0.40219.1
Project("{FAE04EC0-301F-11D3-BF4B-00C04F79EFBC}") = "Service", "Service\Service.csproj", "{DD9FE34D-771B-40F0-A981-2FFF0A6C22CE}"
EndProject
Project("{FAE04EC0-301F-11D3-BF4B-00C04F79EFBC}") = "Endpoints", "Endpoints\Endpoints.csproj", "{865CA053-F543-4ED2-B305-C4CEC216F3CC}"
EndProject
Project("{FAE04EC0-301F-11D3-BF4B-00C04F79EFBC}") = "Endpoints.Tests.Unit", "Endpoints.Tests.Unit\Endpoints.Tests.Unit.csproj", "{81AC3D1A-32C9-4E72-A3F5-7444F705F258}"
EndProject
Project("{FAE04EC0-301F-11D3-BF4B-00C04F79EFBC}") = "Core", "Core\Core.csproj", "{A61E2A00-2737-4270-A45C-A8AC28921BD8}"
EndProject
Project("{FAE04EC0-301F-11D3-BF4B-00C04F79EFBC}") = "DataAccess", "DataAccess\DataAccess.csproj", "{5782AA32-5B7D-4DD2-9295-D7082BA1C515}"
EndProject
Project("{FAE04EC0-301F-11D3-BF4B-00C04F79EFBC}") = "Domain", "Comain\Domain.csproj", "{512A3DCE-A5EB-41EF-9A35-04818141120A}"
EndProject
Project("{FAE04EC0-301F-11D3-BF4B-00C04F79EFBC}") = "Database", "Database\Database.csproj", "{EEF476C5-D8BD-4D27-B071-6407C6747D5F}"
EndProject
Global
	GlobalSection(SolutionConfigurationPlatforms) = preSolution
		Debug|Any CPU = Debug|Any CPU
		Release|Any CPU = Release|Any CPU
	EndGlobalSection
	GlobalSection(ProjectConfigurationPlatforms) = postSolution
		{DD9FE34D-771B-40F0-A981-2FFF0A6C22CE}.Debug|Any CPU.ActiveCfg = Debug|Any CPU
		{DD9FE34D-771B-40F0-A981-2FFF0A6C22CE}.Debug|Any CPU.Build.0 = Debug|Any CPU
		{DD9FE34D-771B-40F0-A981-2FFF0A6C22CE}.Release|Any CPU.ActiveCfg = Release|Any CPU
		{DD9FE34D-771B-40F0-A981-2FFF0A6C22CE}.Release|Any CPU.Build.0 = Release|Any CPU
		{865CA053-F543-4ED2-B305-C4CEC216F3CC}.Debug|Any CPU.ActiveCfg = Debug|Any CPU
		{865CA053-F543-4ED2-B305-C4CEC216F3CC}.Debug|Any CPU.Build.0 = Debug|Any CPU
		{865CA053-F543-4ED2-B305-C4CEC216F3CC}.Release|Any CPU.ActiveCfg = Release|Any CPU
		{865CA053-F543-4ED2-B305-C4CEC216F3CC}.Release|Any CPU.Build.0 = Release|Any CPU
		{81AC3D1A-32C9-4E72-A3F5-7444F705F258}.Debug|Any CPU.ActiveCfg = Debug|Any CPU
		{81AC3D1A-32C9-4E72-A3F5-7444F705F258}.Debug|Any CPU.Build.0 = Debug|Any CPU
		{81AC3D1A-32C9-4E72-A3F5-7444F705F258}.Release|Any CPU.ActiveCfg = Release|Any CPU
		{81AC3D1A-32C9-4E72-A3F5-7444F705F258}.Release|Any CPU.Build.0 = Release|Any CPU
		{A61E2A00-2737-4270-A45C-A8AC28921BD8}.Debug|Any CPU.ActiveCfg = Debug|Any CPU
		{A61E2A00-2737-4270-A45C-A8AC28921BD8}.Debug|Any CPU.Build.0 = Debug|Any CPU
		{A61E2A00-2737-4270-A45C-A8AC28921BD8}.Release|Any CPU.ActiveCfg = Release|Any CPU
		{A61E2A00-2737-4270-A45C-A8AC28921BD8}.Release|Any CPU.Build.0 = Release|Any CPU
		{5782AA32-5B7D-4DD2-9295-D7082BA1C515}.Debug|Any CPU.ActiveCfg = Debug|Any CPU
		{5782AA32-5B7D-4DD2-9295-D7082BA1C515}.Debug|Any CPU.Build.0 = Debug|Any CPU
		{5782AA32-5B7D-4DD2-9295-D7082BA1C515}.Release|Any CPU.ActiveCfg = Release|Any CPU
		{5782AA32-5B7D-4DD2-9295-D7082BA1C515}.Release|Any CPU.Build.0 = Release|Any CPU
		{512A3DCE-A5EB-41EF-9A35-04818141120A}.Debug|Any CPU.ActiveCfg = Debug|Any CPU
		{512A3DCE-A5EB-41EF-9A35-04818141120A}.Debug|Any CPU.Build.0 = Debug|Any CPU
		{512A3DCE-A5EB-41EF-9A35-04818141120A}.Release|Any CPU.ActiveCfg = Release|Any CPU
		{512A3DCE-A5EB-41EF-9A35-04818141120A}.Release|Any CPU.Build.0 = Release|Any CPU
		{EEF476C5-D8BD-4D27-B071-6407C6747D5F}.Debug|Any CPU.ActiveCfg = Debug|Any CPU
		{EEF476C5-D8BD-4D27-B071-6407C6747D5F}.Debug|Any CPU.Build.0 = Debug|Any CPU
		{EEF476C5-D8BD-4D27-B071-6407C6747D5F}.Release|Any CPU.ActiveCfg = Release|Any CPU
		{EEF476C5-D8BD-4D27-B071-6407C6747D5F}.Release|Any CPU.Build.0 = Release|Any CPU
	EndGlobalSection
	GlobalSection(SolutionProperties) = preSolution
		HideSolutionNode = FALSE
	EndGlobalSection
EndGlobal
