
Microsoft Visual Studio Solution File, Format Version 12.00
# Visual Studio 14
VisualStudioVersion = 14.0.23107.0
MinimumVisualStudioVersion = 10.0.40219.1
Project("{FAE04EC0-301F-11D3-BF4B-00C04F79EFBC}") = "api-boilerplate.Service", "api-boilerplate.Service\api-boilerplate.Service.csproj", "{DD9FE34D-771B-40F0-A981-2FFF0A6C22CE}"
EndProject
Project("{FAE04EC0-301F-11D3-BF4B-00C04F79EFBC}") = "api-boilerplate.Endpoints", "api-boilerplate.Endpoints\api-boilerplate.Endpoints.csproj", "{865CA053-F543-4ED2-B305-C4CEC216F3CC}"
EndProject
Project("{FAE04EC0-301F-11D3-BF4B-00C04F79EFBC}") = "api-boilerplate.Endpoints.Tests.Unit", "api-boilerplate.Endpoints.Tests.Unit\api-boilerplate.Endpoints.Tests.Unit.csproj", "{81AC3D1A-32C9-4E72-A3F5-7444F705F258}"
EndProject
Project("{FAE04EC0-301F-11D3-BF4B-00C04F79EFBC}") = "api-boilerplate.Core", "api-boilerplate.Core\api-boilerplate.Core.csproj", "{A61E2A00-2737-4270-A45C-A8AC28921BD8}"
EndProject
Global
	GlobalSection(SolutionConfigurationPlatforms) = preSolution
		Debug|Any CPU = Debug|Any CPU
		Release|Any CPU = Release|Any CPU
	EndGlobalSection
	GlobalSection(ProjectConfigurationPlatforms) = postSolution
		{DD9FE34D-771B-40F0-A981-2FFF0A6C22CE}.Debug|Any CPU.ActiveCfg = Debug|Any CPU
		{DD9FE34D-771B-40F0-A981-2FFF0A6C22CE}.Debug|Any CPU.Build.0 = Debug|Any CPU
		{DD9FE34D-771B-40F0-A981-2FFF0A6C22CE}.Release|Any CPU.ActiveCfg = Release|Any CPU
		{DD9FE34D-771B-40F0-A981-2FFF0A6C22CE}.Release|Any CPU.Build.0 = Release|Any CPU
		{865CA053-F543-4ED2-B305-C4CEC216F3CC}.Debug|Any CPU.ActiveCfg = Debug|Any CPU
		{865CA053-F543-4ED2-B305-C4CEC216F3CC}.Debug|Any CPU.Build.0 = Debug|Any CPU
		{865CA053-F543-4ED2-B305-C4CEC216F3CC}.Release|Any CPU.ActiveCfg = Release|Any CPU
		{865CA053-F543-4ED2-B305-C4CEC216F3CC}.Release|Any CPU.Build.0 = Release|Any CPU
		{81AC3D1A-32C9-4E72-A3F5-7444F705F258}.Debug|Any CPU.ActiveCfg = Debug|Any CPU
		{81AC3D1A-32C9-4E72-A3F5-7444F705F258}.Debug|Any CPU.Build.0 = Debug|Any CPU
		{81AC3D1A-32C9-4E72-A3F5-7444F705F258}.Release|Any CPU.ActiveCfg = Release|Any CPU
		{81AC3D1A-32C9-4E72-A3F5-7444F705F258}.Release|Any CPU.Build.0 = Release|Any CPU
		{A61E2A00-2737-4270-A45C-A8AC28921BD8}.Debug|Any CPU.ActiveCfg = Debug|Any CPU
		{A61E2A00-2737-4270-A45C-A8AC28921BD8}.Debug|Any CPU.Build.0 = Debug|Any CPU
		{A61E2A00-2737-4270-A45C-A8AC28921BD8}.Release|Any CPU.ActiveCfg = Release|Any CPU
		{A61E2A00-2737-4270-A45C-A8AC28921BD8}.Release|Any CPU.Build.0 = Release|Any CPU
	EndGlobalSection
	GlobalSection(SolutionProperties) = preSolution
		HideSolutionNode = FALSE
	EndGlobalSection
EndGlobal
